
Microsoft Visual Studio Solution File, Format Version 12.00
# Visual Studio Version 17
VisualStudioVersion = 17.5.002.0
MinimumVisualStudioVersion = 10.0.40219.1
Project("{9A19103F-16F7-4668-BE54-9A1E7A4F7556}") = "microservices_customerapi", "microservices_customerapi.csproj", "{293080E8-5CE5-4A64-8B3B-202957A6D751}"
EndProject
Global
	GlobalSection(SolutionConfigurationPlatforms) = preSolution
		Debug|Any CPU = Debug|Any CPU
		Release|Any CPU = Release|Any CPU
	EndGlobalSection
	GlobalSection(ProjectConfigurationPlatforms) = postSolution
		{293080E8-5CE5-4A64-8B3B-202957A6D751}.Debug|Any CPU.ActiveCfg = Debug|Any CPU
		{293080E8-5CE5-4A64-8B3B-202957A6D751}.Debug|Any CPU.Build.0 = Debug|Any CPU
		{293080E8-5CE5-4A64-8B3B-202957A6D751}.Release|Any CPU.ActiveCfg = Release|Any CPU
		{293080E8-5CE5-4A64-8B3B-202957A6D751}.Release|Any CPU.Build.0 = Release|Any CPU
	EndGlobalSection
	GlobalSection(SolutionProperties) = preSolution
		HideSolutionNode = FALSE
	EndGlobalSection
	GlobalSection(ExtensibilityGlobals) = postSolution
		SolutionGuid = {F261DF0A-7317-436A-BA4D-FD114651D21E}
	EndGlobalSection
EndGlobal
